github.com/go-chi/chi/v5 v5.2.2 h1:CMwsvRVTbXVytCk1Wd72Zy1LAsAh9GxMmSNWLHCG618=
github.com/go-chi/chi/v5 v5.2.2/go.mod h1:L2yAIGWB3H+phAw1NxKwWM+7eUH/lU8pOMm5hHcoops=
github.com/tdewolff/minify v2.3.6+incompatible h1:2hw5/9ZvxhWLvBUnHE06gElGYz+Jv9R4Eys0XUzItYo=
github.com/tdewolff/minify v2.3.6+incompatible/go.mod h1:9Ov578KJUmAWpS6NeZwRZyT56Uf6o3Mcz9CEsg8USYs=
github.com/tdewolff/minify/v2 v2.23.9 h1:s8hX6wQzOqmanyLxmlynInRPVgZ/xASy6sUHfGsW6kU=
github.com/tdewolff/minify/v2 v2.23.9/go.mod h1:VW3ISUd3gDOZuQ/jwZr4sCzsuX+Qvsx87FDMjk6Rvno=
github.com/tdewolff/parse v2.3.4+incompatible h1:x05/cnGwIMf4ceLuDMBOdQ1qGniMoxpP46ghf0Qzh38=
github.com/tdewolff/parse v2.3.4+incompatible/go.mod h1:8oBwCsVmUkgHO8M5iCzSIDtpzXOT0WXX9cWhz+bIzJQ=
github.com/tdewolff/parse/v2 v2.8.1 h1:J5GSHru6o3jF1uLlEKVXkDxxcVx6yzOlIVIotK4w2po=
github.com/tdewolff/parse/v2 v2.8.1/go.mod h1:Hwlni2tiVNKyzR1o6nUs4FOF07URA+JLBLd6dlIXYqo=
github.com/tdewolff/test v1.0.11/go.mod h1:XPuWBzvdUzhCuxWO1ojpXsyzsA5bFoS3tO/Q3kFuTG8=
github.com/yuin/goldmark v1.7.12 h1:YwGP/rrea2/CnCtUHgjuolG/PnMxdQtPMO5PvaE2/nY=
github.com/yuin/goldmark v1.7.12/go.mod h1:ip/1k0VRfGynBgxOz0yCqHrbZXhcjxyuS66Brc7iBKg=
golang.org/x/text v0.27.0 h1:4fGWRpyh641NLlecmyl4LOe6yDdfaYNrGb2zdfo4JV4=
golang.org/x/text v0.27.0/go.mod h1:1D28KMCvyooCX9hBiosv5Tz/+YLxj0j7XhWjpSUF7CU=
